
Microsoft Visual Studio Solution File, Format Version 12.00
# Visual Studio Version 16
VisualStudioVersion = 16.0.29424.173
MinimumVisualStudioVersion = 10.0.40219.1
Project("{FAE04EC0-301F-11D3-BF4B-00C04F79EFBC}") = "PartyInvite", "PartyInvite\PartyInvite.csproj", "{797AF944-5357-41BE-8C01-0A21B281756E}"
EndProject
Project("{FAE04EC0-301F-11D3-BF4B-00C04F79EFBC}") = "PartyInvite.Data", "PartyInvite.Data\PartyInvite.Data.csproj", "{F8AFA7EC-246D-42DB-8DA3-4CD9159913AE}"
EndProject
Project("{FAE04EC0-301F-11D3-BF4B-00C04F79EFBC}") = "PartyInvite.Model", "PartyInvite.Model\PartyInvite.Model.csproj", "{8A502DB7-9CEA-451B-8A90-1C0E0FD4D124}"
EndProject
Global
	GlobalSection(SolutionConfigurationPlatforms) = preSolution
		Debug|Any CPU = Debug|Any CPU
		Release|Any CPU = Release|Any CPU
	EndGlobalSection
	GlobalSection(ProjectConfigurationPlatforms) = postSolution
		{797AF944-5357-41BE-8C01-0A21B281756E}.Debug|Any CPU.ActiveCfg = Debug|Any CPU
		{797AF944-5357-41BE-8C01-0A21B281756E}.Debug|Any CPU.Build.0 = Debug|Any CPU
		{797AF944-5357-41BE-8C01-0A21B281756E}.Release|Any CPU.ActiveCfg = Release|Any CPU
		{797AF944-5357-41BE-8C01-0A21B281756E}.Release|Any CPU.Build.0 = Release|Any CPU
		{F8AFA7EC-246D-42DB-8DA3-4CD9159913AE}.Debug|Any CPU.ActiveCfg = Debug|Any CPU
		{F8AFA7EC-246D-42DB-8DA3-4CD9159913AE}.Debug|Any CPU.Build.0 = Debug|Any CPU
		{F8AFA7EC-246D-42DB-8DA3-4CD9159913AE}.Release|Any CPU.ActiveCfg = Release|Any CPU
		{F8AFA7EC-246D-42DB-8DA3-4CD9159913AE}.Release|Any CPU.Build.0 = Release|Any CPU
		{8A502DB7-9CEA-451B-8A90-1C0E0FD4D124}.Debug|Any CPU.ActiveCfg = Debug|Any CPU
		{8A502DB7-9CEA-451B-8A90-1C0E0FD4D124}.Debug|Any CPU.Build.0 = Debug|Any CPU
		{8A502DB7-9CEA-451B-8A90-1C0E0FD4D124}.Release|Any CPU.ActiveCfg = Release|Any CPU
		{8A502DB7-9CEA-451B-8A90-1C0E0FD4D124}.Release|Any CPU.Build.0 = Release|Any CPU
	EndGlobalSection
	GlobalSection(SolutionProperties) = preSolution
		HideSolutionNode = FALSE
	EndGlobalSection
	GlobalSection(ExtensibilityGlobals) = postSolution
		SolutionGuid = {CB474909-5FFD-4488-B0FE-CCC911BA944D}
	EndGlobalSection
EndGlobal
